// !$*UTF8*$!
{
	archiveVersion = 1;
	classes = {
	};
	objectVersion = 50;
	objects = {

/* Begin PBXBuildFile section */
		BBA8377223EBB4B600506530 /* AddFriendViewController.swift in Sources */ = {isa = PBXBuildFile; fileRef = BBA8377123EBB4B600506530 /* AddFriendViewController.swift */; };
		BBA8377423EBB4D500506530 /* FriendDetailViewController.swift in Sources */ = {isa = PBXBuildFile; fileRef = BBA8377323EBB4D500506530 /* FriendDetailViewController.swift */; };
		BBA8377823EBBA5D00506530 /* FriendTableViewCell.swift in Sources */ = {isa = PBXBuildFile; fileRef = BBA8377723EBBA5D00506530 /* FriendTableViewCell.swift */; };
		BBA8377B23EBBC6E00506530 /* Friend.swift in Sources */ = {isa = PBXBuildFile; fileRef = BBA8377A23EBBC6E00506530 /* Friend.swift */; };
		BBC0F50E23E3CB360052F79F /* AppDelegate.swift in Sources */ = {isa = PBXBuildFile; fileRef = BBC0F50D23E3CB360052F79F /* AppDelegate.swift */; };
		BBC0F51023E3CB360052F79F /* SceneDelegate.swift in Sources */ = {isa = PBXBuildFile; fileRef = BBC0F50F23E3CB360052F79F /* SceneDelegate.swift */; };
		BBC0F51223E3CB360052F79F /* FriendsTableViewController.swift in Sources */ = {isa = PBXBuildFile; fileRef = BBC0F51123E3CB360052F79F /* FriendsTableViewController.swift */; };
		BBC0F51523E3CB360052F79F /* Main.storyboard in Resources */ = {isa = PBXBuildFile; fileRef = BBC0F51323E3CB360052F79F /* Main.storyboard */; };
		BBC0F51723E3CB370052F79F /* Assets.xcassets in Resources */ = {isa = PBXBuildFile; fileRef = BBC0F51623E3CB370052F79F /* Assets.xcassets */; };
		BBC0F51A23E3CB370052F79F /* LaunchScreen.storyboard in Resources */ = {isa = PBXBuildFile; fileRef = BBC0F51823E3CB370052F79F /* LaunchScreen.storyboard */; };
/* End PBXBuildFile section */

/* Begin PBXFileReference section */
		BBA8377123EBB4B600506530 /* AddFriendViewController.swift */ = {isa = PBXFileReference; lastKnownFileType = sourcecode.swift; path = AddFriendViewController.swift; sourceTree = "<group>"; };
		BBA8377323EBB4D500506530 /* FriendDetailViewController.swift */ = {isa = PBXFileReference; lastKnownFileType = sourcecode.swift; path = FriendDetailViewController.swift; sourceTree = "<group>"; };
		BBA8377723EBBA5D00506530 /* FriendTableViewCell.swift */ = {isa = PBXFileReference; lastKnownFileType = sourcecode.swift; path = FriendTableViewCell.swift; sourceTree = "<group>"; };
		BBA8377A23EBBC6E00506530 /* Friend.swift */ = {isa = PBXFileReference; lastKnownFileType = sourcecode.swift; path = Friend.swift; sourceTree = "<group>"; };
		BBC0F50A23E3CB360052F79F /* HobbyTracker.app */ = {isa = PBXFileReference; explicitFileType = wrapper.application; includeInIndex = 0; path = HobbyTracker.app; sourceTree = BUILT_PRODUCTS_DIR; };
		BBC0F50D23E3CB360052F79F /* AppDelegate.swift */ = {isa = PBXFileReference; lastKnownFileType = sourcecode.swift; path = AppDelegate.swift; sourceTree = "<group>"; };
		BBC0F50F23E3CB360052F79F /* SceneDelegate.swift */ = {isa = PBXFileReference; lastKnownFileType = sourcecode.swift; path = SceneDelegate.swift; sourceTree = "<group>"; };
		BBC0F51123E3CB360052F79F /* FriendsTableViewController.swift */ = {isa = PBXFileReference; lastKnownFileType = sourcecode.swift; path = FriendsTableViewController.swift; sourceTree = "<group>"; };
		BBC0F51423E3CB360052F79F /* Base */ = {isa = PBXFileReference; lastKnownFileType = file.storyboard; name = Base; path = Base.lproj/Main.storyboard; sourceTree = "<group>"; };
		BBC0F51623E3CB370052F79F /* Assets.xcassets */ = {isa = PBXFileReference; lastKnownFileType = folder.assetcatalog; path = Assets.xcassets; sourceTree = "<group>"; };
		BBC0F51923E3CB370052F79F /* Base */ = {isa = PBXFileReference; lastKnownFileType = file.storyboard; name = Base; path = Base.lproj/LaunchScreen.storyboard; sourceTree = "<group>"; };
		BBC0F51B23E3CB370052F79F /* Info.plist */ = {isa = PBXFileReference; lastKnownFileType = text.plist.xml; path = Info.plist; sourceTree = "<group>"; };
/* End PBXFileReference section */

/* Begin PBXFrameworksBuildPhase section */
		BBC0F50723E3CB360052F79F /* Frameworks */ = {
			isa = PBXFrameworksBuildPhase;
			buildActionMask = 2147483647;
			files = (
			);
			runOnlyForDeploymentPostprocessing = 0;
		};
/* End PBXFrameworksBuildPhase section */

/* Begin PBXGroup section */
		BBA8377023EBB48C00506530 /* View Controllers */ = {
			isa = PBXGroup;
			children = (
				BBC0F51123E3CB360052F79F /* FriendsTableViewController.swift */,
				BBA8377123EBB4B600506530 /* AddFriendViewController.swift */,
				BBA8377323EBB4D500506530 /* FriendDetailViewController.swift */,
				BBA8377623EBBA3400506530 /* Views */,
			);
			path = "View Controllers";
			sourceTree = "<group>";
		};
		BBA8377523EBB4DE00506530 /* Resources */ = {
			isa = PBXGroup;
			children = (
				BBC0F50F23E3CB360052F79F /* SceneDelegate.swift */,
				BBC0F50D23E3CB360052F79F /* AppDelegate.swift */,
			);
			path = Resources;
			sourceTree = "<group>";
		};
		BBA8377623EBBA3400506530 /* Views */ = {
			isa = PBXGroup;
			children = (
				BBA8377723EBBA5D00506530 /* FriendTableViewCell.swift */,
			);
			path = Views;
			sourceTree = "<group>";
		};
		BBA8377923EBBC4300506530 /* Model */ = {
			isa = PBXGroup;
			children = (
				BBA8377A23EBBC6E00506530 /* Friend.swift */,
			);
			path = Model;
			sourceTree = "<group>";
		};
		BBC0F50123E3CB360052F79F = {
			isa = PBXGroup;
			children = (
				BBC0F50C23E3CB360052F79F /* HobbyTracker */,
				BBC0F50B23E3CB360052F79F /* Products */,
			);
			sourceTree = "<group>";
		};
		BBC0F50B23E3CB360052F79F /* Products */ = {
			isa = PBXGroup;
			children = (
				BBC0F50A23E3CB360052F79F /* HobbyTracker.app */,
			);
			name = Products;
			sourceTree = "<group>";
		};
		BBC0F50C23E3CB360052F79F /* HobbyTracker */ = {
			isa = PBXGroup;
			children = (
				BBA8377923EBBC4300506530 /* Model */,
				BBA8377523EBB4DE00506530 /* Resources */,
				BBA8377023EBB48C00506530 /* View Controllers */,
				BBC0F51323E3CB360052F79F /* Main.storyboard */,
				BBC0F51623E3CB370052F79F /* Assets.xcassets */,
				BBC0F51823E3CB370052F79F /* LaunchScreen.storyboard */,
				BBC0F51B23E3CB370052F79F /* Info.plist */,
			);
			path = HobbyTracker;
			sourceTree = "<group>";
		};
/* End PBXGroup section */

/* Begin PBXNativeTarget section */
		BBC0F50923E3CB360052F79F /* HobbyTracker */ = {
			isa = PBXNativeTarget;
			buildConfigurationList = BBC0F51E23E3CB370052F79F /* Build configuration list for PBXNativeTarget "HobbyTracker" */;
			buildPhases = (
				BBC0F50623E3CB360052F79F /* Sources */,
				BBC0F50723E3CB360052F79F /* Frameworks */,
				BBC0F50823E3CB360052F79F /* Resources */,
			);
			buildRules = (
			);
			dependencies = (
			);
			name = HobbyTracker;
			productName = HobbyTracker;
			productReference = BBC0F50A23E3CB360052F79F /* HobbyTracker.app */;
			productType = "com.apple.product-type.application";
		};
/* End PBXNativeTarget section */

/* Begin PBXProject section */
		BBC0F50223E3CB360052F79F /* Project object */ = {
			isa = PBXProject;
			attributes = {
				LastSwiftUpdateCheck = 1130;
				LastUpgradeCheck = 1130;
				ORGANIZATIONNAME = DeVitoC;
				TargetAttributes = {
					BBC0F50923E3CB360052F79F = {
						CreatedOnToolsVersion = 11.3.1;
					};
				};
			};
			buildConfigurationList = BBC0F50523E3CB360052F79F /* Build configuration list for PBXProject "HobbyTracker" */;
			compatibilityVersion = "Xcode 9.3";
			developmentRegion = en;
			hasScannedForEncodings = 0;
			knownRegions = (
				en,
				Base,
			);
			mainGroup = BBC0F50123E3CB360052F79F;
			productRefGroup = BBC0F50B23E3CB360052F79F /* Products */;
			projectDirPath = "";
			projectRoot = "";
			targets = (
				BBC0F50923E3CB360052F79F /* HobbyTracker */,
			);
		};
/* End PBXProject section */

/* Begin PBXResourcesBuildPhase section */
		BBC0F50823E3CB360052F79F /* Resources */ = {
			isa = PBXResourcesBuildPhase;
			buildActionMask = 2147483647;
			files = (
				BBC0F51A23E3CB370052F79F /* LaunchScreen.storyboard in Resources */,
				BBC0F51723E3CB370052F79F /* Assets.xcassets in Resources */,
				BBC0F51523E3CB360052F79F /* Main.storyboard in Resources */,
			);
			runOnlyForDeploymentPostprocessing = 0;
		};
/* End PBXResourcesBuildPhase section */

/* Begin PBXSourcesBuildPhase section */
		BBC0F50623E3CB360052F79F /* Sources */ = {
			isa = PBXSourcesBuildPhase;
			buildActionMask = 2147483647;
			files = (
				BBA8377223EBB4B600506530 /* AddFriendViewController.swift in Sources */,
				BBA8377B23EBBC6E00506530 /* Friend.swift in Sources */,
				BBC0F51223E3CB360052F79F /* FriendsTableViewController.swift in Sources */,
				BBC0F50E23E3CB360052F79F /* AppDelegate.swift in Sources */,
				BBA8377823EBBA5D00506530 /* FriendTableViewCell.swift in Sources */,
				BBC0F51023E3CB360052F79F /* SceneDelegate.swift in Sources */,
				BBA8377423EBB4D500506530 /* FriendDetailViewController.swift in Sources */,
			);
			runOnlyForDeploymentPostprocessing = 0;
		};
/* End PBXSourcesBuildPhase section */

/* Begin PBXVariantGroup section */
		BBC0F51323E3CB360052F79F /* Main.storyboard */ = {
			isa = PBXVariantGroup;
			children = (
				BBC0F51423E3CB360052F79F /* Base */,
			);
			name = Main.storyboard;
			sourceTree = "<group>";
		};
		BBC0F51823E3CB370052F79F /* LaunchScreen.storyboard */ = {
			isa = PBXVariantGroup;
			children = (
				BBC0F51923E3CB370052F79F /* Base */,
			);
			name = LaunchScreen.storyboard;
			sourceTree = "<group>";
		};
/* End PBXVariantGroup section */

/* Begin XCBuildConfiguration section */
		BBC0F51C23E3CB370052F79F /* Debug */ = {
			isa = XCBuildConfiguration;
			buildSettings = {
				ALWAYS_SEARCH_USER_PATHS = NO;
				CLANG_ANALYZER_NONNULL = YES;
				CLANG_ANALYZER_NUMBER_OBJECT_CONVERSION = YES_AGGRESSIVE;
				CLANG_CXX_LANGUAGE_STANDARD = "gnu++14";
				CLANG_CXX_LIBRARY = "libc++";
				CLANG_ENABLE_MODULES = YES;
				CLANG_ENABLE_OBJC_ARC = YES;
				CLANG_ENABLE_OBJC_WEAK = YES;
				CLANG_WARN_BLOCK_CAPTURE_AUTORELEASING = YES;
				CLANG_WARN_BOOL_CONVERSION = YES;
				CLANG_WARN_COMMA = YES;
				CLANG_WARN_CONSTANT_CONVERSION = YES;
				CLANG_WARN_DEPRECATED_OBJC_IMPLEMENTATIONS = YES;
				CLANG_WARN_DIRECT_OBJC_ISA_USAGE = YES_ERROR;
				CLANG_WARN_DOCUMENTATION_COMMENTS = YES;
				CLANG_WARN_EMPTY_BODY = YES;
				CLANG_WARN_ENUM_CONVERSION = YES;
				CLANG_WARN_INFINITE_RECURSION = YES;
				CLANG_WARN_INT_CONVERSION = YES;
				CLANG_WARN_NON_LITERAL_NULL_CONVERSION = YES;
				CLANG_WARN_OBJC_IMPLICIT_RETAIN_SELF = YES;
				CLANG_WARN_OBJC_LITERAL_CONVERSION = YES;
				CLANG_WARN_OBJC_ROOT_CLASS = YES_ERROR;
				CLANG_WARN_RANGE_LOOP_ANALYSIS = YES;
				CLANG_WARN_STRICT_PROTOTYPES = YES;
				CLANG_WARN_SUSPICIOUS_MOVE = YES;
				CLANG_WARN_UNGUARDED_AVAILABILITY = YES_AGGRESSIVE;
				CLANG_WARN_UNREACHABLE_CODE = YES;
				CLANG_WARN__DUPLICATE_METHOD_MATCH = YES;
				COPY_PHASE_STRIP = NO;
				DEBUG_INFORMATION_FORMAT = dwarf;
				ENABLE_STRICT_OBJC_MSGSEND = YES;
				ENABLE_TESTABILITY = YES;
				GCC_C_LANGUAGE_STANDARD = gnu11;
				GCC_DYNAMIC_NO_PIC = NO;
				GCC_NO_COMMON_BLOCKS = YES;
				GCC_OPTIMIZATION_LEVEL = 0;
				GCC_PREPROCESSOR_DEFINITIONS = (
					"DEBUG=1",
					"$(inherited)",
				);
				GCC_WARN_64_TO_32_BIT_CONVERSION = YES;
				GCC_WARN_ABOUT_RETURN_TYPE = YES_ERROR;
				GCC_WARN_UNDECLARED_SELECTOR = YES;
				GCC_WARN_UNINITIALIZED_AUTOS = YES_AGGRESSIVE;
				GCC_WARN_UNUSED_FUNCTION = YES;
				GCC_WARN_UNUSED_VARIABLE = YES;
				IPHONEOS_DEPLOYMENT_TARGET = 13.2;
				MTL_ENABLE_DEBUG_INFO = INCLUDE_SOURCE;
				MTL_FAST_MATH = YES;
				ONLY_ACTIVE_ARCH = YES;
				SDKROOT = iphoneos;
				SWIFT_ACTIVE_COMPILATION_CONDITIONS = DEBUG;
				SWIFT_OPTIMIZATION_LEVEL = "-Onone";
			};
			name = Debug;
		};
		BBC0F51D23E3CB370052F79F /* Release */ = {
			isa = XCBuildConfiguration;
			buildSettings = {
				ALWAYS_SEARCH_USER_PATHS = NO;
				CLANG_ANALYZER_NONNULL = YES;
				CLANG_ANALYZER_NUMBER_OBJECT_CONVERSION = YES_AGGRESSIVE;
				CLANG_CXX_LANGUAGE_STANDARD = "gnu++14";
				CLANG_CXX_LIBRARY = "libc++";
				CLANG_ENABLE_MODULES = YES;
				CLANG_ENABLE_OBJC_ARC = YES;
				CLANG_ENABLE_OBJC_WEAK = YES;
				CLANG_WARN_BLOCK_CAPTURE_AUTORELEASING = YES;
				CLANG_WARN_BOOL_CONVERSION = YES;
				CLANG_WARN_COMMA = YES;
				CLANG_WARN_CONSTANT_CONVERSION = YES;
				CLANG_WARN_DEPRECATED_OBJC_IMPLEMENTATIONS = YES;
				CLANG_WARN_DIRECT_OBJC_ISA_USAGE = YES_ERROR;
				CLANG_WARN_DOCUMENTATION_COMMENTS = YES;
				CLANG_WARN_EMPTY_BODY = YES;
				CLANG_WARN_ENUM_CONVERSION = YES;
				CLANG_WARN_INFINITE_RECURSION = YES;
				CLANG_WARN_INT_CONVERSION = YES;
				CLANG_WARN_NON_LITERAL_NULL_CONVERSION = YES;
				CLANG_WARN_OBJC_IMPLICIT_RETAIN_SELF = YES;
				CLANG_WARN_OBJC_LITERAL_CONVERSION = YES;
				CLANG_WARN_OBJC_ROOT_CLASS = YES_ERROR;
				CLANG_WARN_RANGE_LOOP_ANALYSIS = YES;
				CLANG_WARN_STRICT_PROTOTYPES = YES;
				CLANG_WARN_SUSPICIOUS_MOVE = YES;
				CLANG_WARN_UNGUARDED_AVAILABILITY = YES_AGGRESSIVE;
				CLANG_WARN_UNREACHABLE_CODE = YES;
				CLANG_WARN__DUPLICATE_METHOD_MATCH = YES;
				COPY_PHASE_STRIP = NO;
				DEBUG_INFORMATION_FORMAT = "dwarf-with-dsym";
				ENABLE_NS_ASSERTIONS = NO;
				ENABLE_STRICT_OBJC_MSGSEND = YES;
				GCC_C_LANGUAGE_STANDARD = gnu11;
				GCC_NO_COMMON_BLOCKS = YES;
				GCC_WARN_64_TO_32_BIT_CONVERSION = YES;
				GCC_WARN_ABOUT_RETURN_TYPE = YES_ERROR;
				GCC_WARN_UNDECLARED_SELECTOR = YES;
				GCC_WARN_UNINITIALIZED_AUTOS = YES_AGGRESSIVE;
				GCC_WARN_UNUSED_FUNCTION = YES;
				GCC_WARN_UNUSED_VARIABLE = YES;
				IPHONEOS_DEPLOYMENT_TARGET = 13.2;
				MTL_ENABLE_DEBUG_INFO = NO;
				MTL_FAST_MATH = YES;
				SDKROOT = iphoneos;
				SWIFT_COMPILATION_MODE = wholemodule;
				SWIFT_OPTIMIZATION_LEVEL = "-O";
				VALIDATE_PRODUCT = YES;
			};
			name = Release;
		};
		BBC0F51F23E3CB370052F79F /* Debug */ = {
			isa = XCBuildConfiguration;
			buildSettings = {
				ASSETCATALOG_COMPILER_APPICON_NAME = AppIcon;
				CODE_SIGN_STYLE = Automatic;
				DEVELOPMENT_TEAM = 8825K9HH49;
				INFOPLIST_FILE = HobbyTracker/Info.plist;
				LD_RUNPATH_SEARCH_PATHS = (
					"$(inherited)",
					"@executable_path/Frameworks",
				);
				PRODUCT_BUNDLE_IDENTIFIER = com.ChristopherDeVito.HobbyTracker;
				PRODUCT_NAME = "$(TARGET_NAME)";
				SWIFT_VERSION = 5.0;
				TARGETED_DEVICE_FAMILY = "1,2";
			};
			name = Debug;
		};
		BBC0F52023E3CB370052F79F /* Release */ = {
			isa = XCBuildConfiguration;
			buildSettings = {
				ASSETCATALOG_COMPILER_APPICON_NAME = AppIcon;
				CODE_SIGN_STYLE = Automatic;
				DEVELOPMENT_TEAM = 8825K9HH49;
				INFOPLIST_FILE = HobbyTracker/Info.plist;
				LD_RUNPATH_SEARCH_PATHS = (
					"$(inherited)",
					"@executable_path/Frameworks",
				);
				PRODUCT_BUNDLE_IDENTIFIER = com.ChristopherDeVito.HobbyTracker;
				PRODUCT_NAME = "$(TARGET_NAME)";
				SWIFT_VERSION = 5.0;
				TARGETED_DEVICE_FAMILY = "1,2";
			};
			name = Release;
		};
/* End XCBuildConfiguration section */

/* Begin XCConfigurationList section */
		BBC0F50523E3CB360052F79F /* Build configuration list for PBXProject "HobbyTracker" */ = {
			isa = XCConfigurationList;
			buildConfigurations = (
				BBC0F51C23E3CB370052F79F /* Debug */,
				BBC0F51D23E3CB370052F79F /* Release */,
			);
			defaultConfigurationIsVisible = 0;
			defaultConfigurationName = Release;
		};
		BBC0F51E23E3CB370052F79F /* Build configuration list for PBXNativeTarget "HobbyTracker" */ = {
			isa = XCConfigurationList;
			buildConfigurations = (
				BBC0F51F23E3CB370052F79F /* Debug */,
				BBC0F52023E3CB370052F79F /* Release */,
			);
			defaultConfigurationIsVisible = 0;
			defaultConfigurationName = Release;
		};
/* End XCConfigurationList section */
	};
	rootObject = BBC0F50223E3CB360052F79F /* Project object */;
}
